{
  "name": "aeux",
  "version": "1.0.0",
  "lockfileVersion": 1,
  "requires": true,
  "dependencies": {
    "@figma/plugin-typings": {
      "version": "1.39.1",
      "resolved": "https://registry.npmjs.org/@figma/plugin-typings/-/plugin-typings-1.39.1.tgz",
      "integrity": "sha512-N5gBH0C6E1xaKz4dbcQMbGc7SU8k02yDQVv0eVWNPQu5w+Wd8a43Qy5uthlshbFXzBzmkay7gtGo1GkiahMzoQ==",
      "dev": true
    }
  }
}
