{
  "name": "aeux",
  "version": "1.0.0",
  "lockfileVersion": 2,
  "requires": true,
  "packages": {
    "": {
      "name": "aeux",
      "version": "1.0.0",
      "license": "Apache",
      "devDependencies": {
        "@figma/plugin-typings": "^1.39.1"
      }
    },
    "node_modules/@figma/plugin-typings": {
      "version": "1.39.1",
      "resolved": "https://registry.npmjs.org/@figma/plugin-typings/-/plugin-typings-1.39.1.tgz",
      "integrity": "sha512-N5gBH0C6E1xaKz4dbcQMbGc7SU8k02yDQVv0eVWNPQu5w+Wd8a43Qy5uthlshbFXzBzmkay7gtGo1GkiahMzoQ==",
      "dev": true
    }
  },
  "dependencies": {
    "@figma/plugin-typings": {
      "version": "1.39.1",
      "resolved": "https://registry.npmjs.org/@figma/plugin-typings/-/plugin-typings-1.39.1.tgz",
      "integrity": "sha512-N5gBH0C6E1xaKz4dbcQMbGc7SU8k02yDQVv0eVWNPQu5w+Wd8a43Qy5uthlshbFXzBzmkay7gtGo1GkiahMzoQ==",
      "dev": true
    }
  }
}
